// !$*UTF8*$!
{
	archiveVersion = 1;
	classes = {
	};
	objectVersion = 56;
	objects = {

/* Begin PBXBuildFile section */
		F351E0E32C2D642200CC5C07 /* Colors.xcassets in Resources */ = {isa = PBXBuildFile; fileRef = F351E0E22C2D642200CC5C07 /* Colors.xcassets */; };
		F35B3F422C1DBD3B00351008 /* ToDoApp.swift in Sources */ = {isa = PBXBuildFile; fileRef = F35B3F412C1DBD3B00351008 /* ToDoApp.swift */; };
		F35B3F462C1DBD3D00351008 /* Icons.xcassets in Resources */ = {isa = PBXBuildFile; fileRef = F35B3F452C1DBD3D00351008 /* Icons.xcassets */; };
		F35B3F492C1DBD3D00351008 /* Preview Assets.xcassets in Resources */ = {isa = PBXBuildFile; fileRef = F35B3F482C1DBD3D00351008 /* Preview Assets.xcassets */; };
		F35B3F512C1DBD6F00351008 /* TodoItem.swift in Sources */ = {isa = PBXBuildFile; fileRef = F35B3F502C1DBD6F00351008 /* TodoItem.swift */; };
		F35B3F592C1DBF2300351008 /* TodoItemTests.swift in Sources */ = {isa = PBXBuildFile; fileRef = F35B3F582C1DBF2300351008 /* TodoItemTests.swift */; };
		F35B3F602C1DD21900351008 /* FileCache.swift in Sources */ = {isa = PBXBuildFile; fileRef = F35B3F5F2C1DD21900351008 /* FileCache.swift */; };
		F35B3F632C1DFA1D00351008 /* FileCacheTests.swift in Sources */ = {isa = PBXBuildFile; fileRef = F35B3F622C1DFA1D00351008 /* FileCacheTests.swift */; };
		F3F3FAAF2C2D788200991A3A /* Fonts.swift in Sources */ = {isa = PBXBuildFile; fileRef = F3F3FAAE2C2D788200991A3A /* Fonts.swift */; };
		F3F3FAB32C2D7AD600991A3A /* TodoCell.swift in Sources */ = {isa = PBXBuildFile; fileRef = F3F3FAB22C2D7AD600991A3A /* TodoCell.swift */; };
		F3F3FAB52C2D80D500991A3A /* TodoList.swift in Sources */ = {isa = PBXBuildFile; fileRef = F3F3FAB42C2D80D500991A3A /* TodoList.swift */; };
		F3F3FAB72C2D821500991A3A /* TodoListViewModel.swift in Sources */ = {isa = PBXBuildFile; fileRef = F3F3FAB62C2D821500991A3A /* TodoListViewModel.swift */; };
		F3F3FAB92C2D9C8C00991A3A /* Localizable.xcstrings in Resources */ = {isa = PBXBuildFile; fileRef = F3F3FAB82C2D9C8C00991A3A /* Localizable.xcstrings */; };
		F3F3FABD2C2DC59700991A3A /* InfoSwipe.swift in Sources */ = {isa = PBXBuildFile; fileRef = F3F3FABC2C2DC59700991A3A /* InfoSwipe.swift */; };
		F3F3FABF2C2DC5B300991A3A /* MarkAsDoneSwipe.swift in Sources */ = {isa = PBXBuildFile; fileRef = F3F3FABE2C2DC5B300991A3A /* MarkAsDoneSwipe.swift */; };
		F3F3FAC12C2DC5E000991A3A /* View+Modifiers.swift in Sources */ = {isa = PBXBuildFile; fileRef = F3F3FAC02C2DC5E000991A3A /* View+Modifiers.swift */; };
		F3F3FAC62C2DD51F00991A3A /* Date+Extensions.swift in Sources */ = {isa = PBXBuildFile; fileRef = F3F3FAC52C2DD51F00991A3A /* Date+Extensions.swift */; };
		F3F3FAC82C2DE35400991A3A /* GroupedList.swift in Sources */ = {isa = PBXBuildFile; fileRef = F3F3FAC72C2DE35400991A3A /* GroupedList.swift */; };
		F3F3FACA2C2EB81000991A3A /* TodoItem+JSON.swift in Sources */ = {isa = PBXBuildFile; fileRef = F3F3FAC92C2EB81000991A3A /* TodoItem+JSON.swift */; };
		F3F3FACC2C2EB81A00991A3A /* TodoItem+CSV.swift in Sources */ = {isa = PBXBuildFile; fileRef = F3F3FACB2C2EB81A00991A3A /* TodoItem+CSV.swift */; };
		F3F3FACE2C2EBD0F00991A3A /* TodoViewModel.swift in Sources */ = {isa = PBXBuildFile; fileRef = F3F3FACD2C2EBD0F00991A3A /* TodoViewModel.swift */; };
		F3F3FAD02C2ED4E300991A3A /* DeleteSwipe.swift in Sources */ = {isa = PBXBuildFile; fileRef = F3F3FACF2C2ED4E300991A3A /* DeleteSwipe.swift */; };
		F3F3FAD22C2EF9E200991A3A /* ColorPickerView.swift in Sources */ = {isa = PBXBuildFile; fileRef = F3F3FAD12C2EF9E200991A3A /* ColorPickerView.swift */; };
		F3F3FAD42C2EFDE200991A3A /* Color+Extensions.swift in Sources */ = {isa = PBXBuildFile; fileRef = F3F3FAD32C2EFDE200991A3A /* Color+Extensions.swift */; };
		F3F3FAD92C2F162200991A3A /* ColorPalette.swift in Sources */ = {isa = PBXBuildFile; fileRef = F3F3FAD82C2F162200991A3A /* ColorPalette.swift */; };
		F3F3FADB2C2F166100991A3A /* ColorPickerSlider.swift in Sources */ = {isa = PBXBuildFile; fileRef = F3F3FADA2C2F166100991A3A /* ColorPickerSlider.swift */; };
		F3F3FADE2C2F32B100991A3A /* View+Extensions.swift in Sources */ = {isa = PBXBuildFile; fileRef = F3F3FADD2C2F32B100991A3A /* View+Extensions.swift */; };
		F3F3FAE02C2F44B900991A3A /* TodoView.swift in Sources */ = {isa = PBXBuildFile; fileRef = F3F3FADF2C2F44B900991A3A /* TodoView.swift */; };
/* End PBXBuildFile section */

/* Begin PBXContainerItemProxy section */
		F35B3F5A2C1DBF2300351008 /* PBXContainerItemProxy */ = {
			isa = PBXContainerItemProxy;
			containerPortal = F35B3F362C1DBD3B00351008 /* Project object */;
			proxyType = 1;
			remoteGlobalIDString = F35B3F3D2C1DBD3B00351008;
			remoteInfo = ToDo;
		};
/* End PBXContainerItemProxy section */

/* Begin PBXFileReference section */
		F351E0E22C2D642200CC5C07 /* Colors.xcassets */ = {isa = PBXFileReference; lastKnownFileType = folder.assetcatalog; path = Colors.xcassets; sourceTree = "<group>"; };
		F35B3F3E2C1DBD3B00351008 /* ToDo.app */ = {isa = PBXFileReference; explicitFileType = wrapper.application; includeInIndex = 0; path = ToDo.app; sourceTree = BUILT_PRODUCTS_DIR; };
		F35B3F412C1DBD3B00351008 /* ToDoApp.swift */ = {isa = PBXFileReference; lastKnownFileType = sourcecode.swift; path = ToDoApp.swift; sourceTree = "<group>"; };
		F35B3F452C1DBD3D00351008 /* Icons.xcassets */ = {isa = PBXFileReference; lastKnownFileType = folder.assetcatalog; path = Icons.xcassets; sourceTree = "<group>"; };
		F35B3F482C1DBD3D00351008 /* Preview Assets.xcassets */ = {isa = PBXFileReference; lastKnownFileType = folder.assetcatalog; path = "Preview Assets.xcassets"; sourceTree = "<group>"; };
		F35B3F502C1DBD6F00351008 /* TodoItem.swift */ = {isa = PBXFileReference; lastKnownFileType = sourcecode.swift; path = TodoItem.swift; sourceTree = "<group>"; };
		F35B3F562C1DBF2300351008 /* ToDoTests.xctest */ = {isa = PBXFileReference; explicitFileType = wrapper.cfbundle; includeInIndex = 0; path = ToDoTests.xctest; sourceTree = BUILT_PRODUCTS_DIR; };
		F35B3F582C1DBF2300351008 /* TodoItemTests.swift */ = {isa = PBXFileReference; lastKnownFileType = sourcecode.swift; path = TodoItemTests.swift; sourceTree = "<group>"; };
		F35B3F5F2C1DD21900351008 /* FileCache.swift */ = {isa = PBXFileReference; lastKnownFileType = sourcecode.swift; path = FileCache.swift; sourceTree = "<group>"; };
		F35B3F622C1DFA1D00351008 /* FileCacheTests.swift */ = {isa = PBXFileReference; lastKnownFileType = sourcecode.swift; path = FileCacheTests.swift; sourceTree = "<group>"; };
		F3F3FAAE2C2D788200991A3A /* Fonts.swift */ = {isa = PBXFileReference; lastKnownFileType = sourcecode.swift; path = Fonts.swift; sourceTree = "<group>"; };
		F3F3FAB22C2D7AD600991A3A /* TodoCell.swift */ = {isa = PBXFileReference; lastKnownFileType = sourcecode.swift; path = TodoCell.swift; sourceTree = "<group>"; };
		F3F3FAB42C2D80D500991A3A /* TodoList.swift */ = {isa = PBXFileReference; lastKnownFileType = sourcecode.swift; path = TodoList.swift; sourceTree = "<group>"; };
		F3F3FAB62C2D821500991A3A /* TodoListViewModel.swift */ = {isa = PBXFileReference; lastKnownFileType = sourcecode.swift; path = TodoListViewModel.swift; sourceTree = "<group>"; };
		F3F3FAB82C2D9C8C00991A3A /* Localizable.xcstrings */ = {isa = PBXFileReference; lastKnownFileType = text.json.xcstrings; path = Localizable.xcstrings; sourceTree = "<group>"; };
		F3F3FABC2C2DC59700991A3A /* InfoSwipe.swift */ = {isa = PBXFileReference; lastKnownFileType = sourcecode.swift; path = InfoSwipe.swift; sourceTree = "<group>"; };
		F3F3FABE2C2DC5B300991A3A /* MarkAsDoneSwipe.swift */ = {isa = PBXFileReference; lastKnownFileType = sourcecode.swift; path = MarkAsDoneSwipe.swift; sourceTree = "<group>"; };
		F3F3FAC02C2DC5E000991A3A /* View+Modifiers.swift */ = {isa = PBXFileReference; lastKnownFileType = sourcecode.swift; path = "View+Modifiers.swift"; sourceTree = "<group>"; };
		F3F3FAC52C2DD51F00991A3A /* Date+Extensions.swift */ = {isa = PBXFileReference; lastKnownFileType = sourcecode.swift; path = "Date+Extensions.swift"; sourceTree = "<group>"; };
		F3F3FAC72C2DE35400991A3A /* GroupedList.swift */ = {isa = PBXFileReference; lastKnownFileType = sourcecode.swift; path = GroupedList.swift; sourceTree = "<group>"; };
		F3F3FAC92C2EB81000991A3A /* TodoItem+JSON.swift */ = {isa = PBXFileReference; lastKnownFileType = sourcecode.swift; path = "TodoItem+JSON.swift"; sourceTree = "<group>"; };
		F3F3FACB2C2EB81A00991A3A /* TodoItem+CSV.swift */ = {isa = PBXFileReference; lastKnownFileType = sourcecode.swift; path = "TodoItem+CSV.swift"; sourceTree = "<group>"; };
		F3F3FACD2C2EBD0F00991A3A /* TodoViewModel.swift */ = {isa = PBXFileReference; lastKnownFileType = sourcecode.swift; path = TodoViewModel.swift; sourceTree = "<group>"; };
		F3F3FACF2C2ED4E300991A3A /* DeleteSwipe.swift */ = {isa = PBXFileReference; lastKnownFileType = sourcecode.swift; path = DeleteSwipe.swift; sourceTree = "<group>"; };
		F3F3FAD12C2EF9E200991A3A /* ColorPickerView.swift */ = {isa = PBXFileReference; lastKnownFileType = sourcecode.swift; path = ColorPickerView.swift; sourceTree = "<group>"; };
		F3F3FAD32C2EFDE200991A3A /* Color+Extensions.swift */ = {isa = PBXFileReference; lastKnownFileType = sourcecode.swift; path = "Color+Extensions.swift"; sourceTree = "<group>"; };
		F3F3FAD82C2F162200991A3A /* ColorPalette.swift */ = {isa = PBXFileReference; lastKnownFileType = sourcecode.swift; path = ColorPalette.swift; sourceTree = "<group>"; };
		F3F3FADA2C2F166100991A3A /* ColorPickerSlider.swift */ = {isa = PBXFileReference; lastKnownFileType = sourcecode.swift; path = ColorPickerSlider.swift; sourceTree = "<group>"; };
		F3F3FADD2C2F32B100991A3A /* View+Extensions.swift */ = {isa = PBXFileReference; lastKnownFileType = sourcecode.swift; path = "View+Extensions.swift"; sourceTree = "<group>"; };
		F3F3FADF2C2F44B900991A3A /* TodoView.swift */ = {isa = PBXFileReference; fileEncoding = 4; lastKnownFileType = sourcecode.swift; path = TodoView.swift; sourceTree = "<group>"; };
/* End PBXFileReference section */

/* Begin PBXFrameworksBuildPhase section */
		F35B3F3B2C1DBD3B00351008 /* Frameworks */ = {
			isa = PBXFrameworksBuildPhase;
			buildActionMask = 2147483647;
			files = (
			);
			runOnlyForDeploymentPostprocessing = 0;
		};
		F35B3F532C1DBF2300351008 /* Frameworks */ = {
			isa = PBXFrameworksBuildPhase;
			buildActionMask = 2147483647;
			files = (
			);
			runOnlyForDeploymentPostprocessing = 0;
		};
/* End PBXFrameworksBuildPhase section */

/* Begin PBXGroup section */
		F351E0DE2C2D61FB00CC5C07 /* Scenes */ = {
			isa = PBXGroup;
			children = (
				F3F3FAD52C2F106F00991A3A /* ColorPicker */,
				F351E0E02C2D621500CC5C07 /* Todo */,
				F351E0DF2C2D620900CC5C07 /* TodoList */,
			);
			path = Scenes;
			sourceTree = "<group>";
		};
		F351E0DF2C2D620900CC5C07 /* TodoList */ = {
			isa = PBXGroup;
			children = (
				F3F3FABB2C2DC58B00991A3A /* Modifiers */,
				F3F3FABA2C2DA87300991A3A /* Views */,
				F3F3FAB62C2D821500991A3A /* TodoListViewModel.swift */,
			);
			path = TodoList;
			sourceTree = "<group>";
		};
		F351E0E02C2D621500CC5C07 /* Todo */ = {
			isa = PBXGroup;
			children = (
				F3F3FADF2C2F44B900991A3A /* TodoView.swift */,
				F3F3FACD2C2EBD0F00991A3A /* TodoViewModel.swift */,
			);
			path = Todo;
			sourceTree = "<group>";
		};
		F351E0E12C2D63D700CC5C07 /* Resources */ = {
			isa = PBXGroup;
			children = (
				F3F3FAAE2C2D788200991A3A /* Fonts.swift */,
				F35B3F452C1DBD3D00351008 /* Icons.xcassets */,
				F351E0E22C2D642200CC5C07 /* Colors.xcassets */,
				F3F3FAB82C2D9C8C00991A3A /* Localizable.xcstrings */,
			);
			path = Resources;
			sourceTree = "<group>";
		};
		F35B3F352C1DBD3B00351008 = {
			isa = PBXGroup;
			children = (
				F35B3F402C1DBD3B00351008 /* ToDo */,
				F35B3F572C1DBF2300351008 /* ToDoTests */,
				F35B3F3F2C1DBD3B00351008 /* Products */,
			);
			sourceTree = "<group>";
		};
		F35B3F3F2C1DBD3B00351008 /* Products */ = {
			isa = PBXGroup;
			children = (
				F35B3F3E2C1DBD3B00351008 /* ToDo.app */,
				F35B3F562C1DBF2300351008 /* ToDoTests.xctest */,
			);
			name = Products;
			sourceTree = "<group>";
		};
		F35B3F402C1DBD3B00351008 /* ToDo */ = {
			isa = PBXGroup;
			children = (
				F3F3FAB12C2D7ABA00991A3A /* App */,
				F3F3FAC42C2DD50C00991A3A /* Helpers */,
				F35B3F4F2C1DBD5000351008 /* Models */,
				F35B3F472C1DBD3D00351008 /* Preview Content */,
				F351E0E12C2D63D700CC5C07 /* Resources */,
				F351E0DE2C2D61FB00CC5C07 /* Scenes */,
				F35B3F612C1DD21F00351008 /* Services */,
			);
			path = ToDo;
			sourceTree = "<group>";
		};
		F35B3F472C1DBD3D00351008 /* Preview Content */ = {
			isa = PBXGroup;
			children = (
				F35B3F482C1DBD3D00351008 /* Preview Assets.xcassets */,
			);
			path = "Preview Content";
			sourceTree = "<group>";
		};
		F35B3F4F2C1DBD5000351008 /* Models */ = {
			isa = PBXGroup;
			children = (
				F35B3F502C1DBD6F00351008 /* TodoItem.swift */,
				F3F3FAC92C2EB81000991A3A /* TodoItem+JSON.swift */,
				F3F3FACB2C2EB81A00991A3A /* TodoItem+CSV.swift */,
			);
			path = Models;
			sourceTree = "<group>";
		};
		F35B3F572C1DBF2300351008 /* ToDoTests */ = {
			isa = PBXGroup;
			children = (
				F35B3F582C1DBF2300351008 /* TodoItemTests.swift */,
				F35B3F622C1DFA1D00351008 /* FileCacheTests.swift */,
			);
			path = ToDoTests;
			sourceTree = "<group>";
		};
		F35B3F612C1DD21F00351008 /* Services */ = {
			isa = PBXGroup;
			children = (
				F35B3F5F2C1DD21900351008 /* FileCache.swift */,
			);
			path = Services;
			sourceTree = "<group>";
		};
		F3F3FAB12C2D7ABA00991A3A /* App */ = {
			isa = PBXGroup;
			children = (
				F35B3F412C1DBD3B00351008 /* ToDoApp.swift */,
			);
			path = App;
			sourceTree = "<group>";
		};
		F3F3FABA2C2DA87300991A3A /* Views */ = {
			isa = PBXGroup;
			children = (
				F3F3FAB22C2D7AD600991A3A /* TodoCell.swift */,
				F3F3FAB42C2D80D500991A3A /* TodoList.swift */,
			);
			path = Views;
			sourceTree = "<group>";
		};
		F3F3FABB2C2DC58B00991A3A /* Modifiers */ = {
			isa = PBXGroup;
			children = (
				F3F3FACF2C2ED4E300991A3A /* DeleteSwipe.swift */,
				F3F3FABC2C2DC59700991A3A /* InfoSwipe.swift */,
				F3F3FABE2C2DC5B300991A3A /* MarkAsDoneSwipe.swift */,
				F3F3FAC02C2DC5E000991A3A /* View+Modifiers.swift */,
				F3F3FAC72C2DE35400991A3A /* GroupedList.swift */,
			);
			path = Modifiers;
			sourceTree = "<group>";
		};
		F3F3FAC42C2DD50C00991A3A /* Helpers */ = {
			isa = PBXGroup;
			children = (
				F3F3FAC52C2DD51F00991A3A /* Date+Extensions.swift */,
				F3F3FAD32C2EFDE200991A3A /* Color+Extensions.swift */,
				F3F3FADD2C2F32B100991A3A /* View+Extensions.swift */,
			);
			path = Helpers;
			sourceTree = "<group>";
		};
		F3F3FAD52C2F106F00991A3A /* ColorPicker */ = {
			isa = PBXGroup;
			children = (
				F3F3FADC2C2F16A100991A3A /* View */,
			);
			path = ColorPicker;
			sourceTree = "<group>";
		};
		F3F3FADC2C2F16A100991A3A /* View */ = {
			isa = PBXGroup;
			children = (
				F3F3FAD12C2EF9E200991A3A /* ColorPickerView.swift */,
				F3F3FAD82C2F162200991A3A /* ColorPalette.swift */,
				F3F3FADA2C2F166100991A3A /* ColorPickerSlider.swift */,
			);
			path = View;
			sourceTree = "<group>";
		};
/* End PBXGroup section */

/* Begin PBXNativeTarget section */
		F35B3F3D2C1DBD3B00351008 /* ToDo */ = {
			isa = PBXNativeTarget;
			buildConfigurationList = F35B3F4C2C1DBD3D00351008 /* Build configuration list for PBXNativeTarget "ToDo" */;
			buildPhases = (
				F35B3F3A2C1DBD3B00351008 /* Sources */,
				F35B3F3B2C1DBD3B00351008 /* Frameworks */,
				F35B3F3C2C1DBD3B00351008 /* Resources */,
			);
			buildRules = (
			);
			dependencies = (
			);
			name = ToDo;
			productName = ToDo;
			productReference = F35B3F3E2C1DBD3B00351008 /* ToDo.app */;
			productType = "com.apple.product-type.application";
		};
		F35B3F552C1DBF2300351008 /* ToDoTests */ = {
			isa = PBXNativeTarget;
			buildConfigurationList = F35B3F5C2C1DBF2300351008 /* Build configuration list for PBXNativeTarget "ToDoTests" */;
			buildPhases = (
				F35B3F522C1DBF2300351008 /* Sources */,
				F35B3F532C1DBF2300351008 /* Frameworks */,
				F35B3F542C1DBF2300351008 /* Resources */,
			);
			buildRules = (
			);
			dependencies = (
				F35B3F5B2C1DBF2300351008 /* PBXTargetDependency */,
			);
			name = ToDoTests;
			productName = ToDoTests;
			productReference = F35B3F562C1DBF2300351008 /* ToDoTests.xctest */;
			productType = "com.apple.product-type.bundle.unit-test";
		};
/* End PBXNativeTarget section */

/* Begin PBXProject section */
		F35B3F362C1DBD3B00351008 /* Project object */ = {
			isa = PBXProject;
			attributes = {
				BuildIndependentTargetsInParallel = 1;
				LastSwiftUpdateCheck = 1520;
				LastUpgradeCheck = 1520;
				TargetAttributes = {
					F35B3F3D2C1DBD3B00351008 = {
						CreatedOnToolsVersion = 15.2;
					};
					F35B3F552C1DBF2300351008 = {
						CreatedOnToolsVersion = 15.2;
						TestTargetID = F35B3F3D2C1DBD3B00351008;
					};
				};
			};
			buildConfigurationList = F35B3F392C1DBD3B00351008 /* Build configuration list for PBXProject "ToDo" */;
			compatibilityVersion = "Xcode 14.0";
			developmentRegion = en;
			hasScannedForEncodings = 0;
			knownRegions = (
				en,
				Base,
				ru,
			);
			mainGroup = F35B3F352C1DBD3B00351008;
			productRefGroup = F35B3F3F2C1DBD3B00351008 /* Products */;
			projectDirPath = "";
			projectRoot = "";
			targets = (
				F35B3F3D2C1DBD3B00351008 /* ToDo */,
				F35B3F552C1DBF2300351008 /* ToDoTests */,
			);
		};
/* End PBXProject section */

/* Begin PBXResourcesBuildPhase section */
		F35B3F3C2C1DBD3B00351008 /* Resources */ = {
			isa = PBXResourcesBuildPhase;
			buildActionMask = 2147483647;
			files = (
				F351E0E32C2D642200CC5C07 /* Colors.xcassets in Resources */,
				F35B3F492C1DBD3D00351008 /* Preview Assets.xcassets in Resources */,
				F3F3FAB92C2D9C8C00991A3A /* Localizable.xcstrings in Resources */,
				F35B3F462C1DBD3D00351008 /* Icons.xcassets in Resources */,
			);
			runOnlyForDeploymentPostprocessing = 0;
		};
		F35B3F542C1DBF2300351008 /* Resources */ = {
			isa = PBXResourcesBuildPhase;
			buildActionMask = 2147483647;
			files = (
			);
			runOnlyForDeploymentPostprocessing = 0;
		};
/* End PBXResourcesBuildPhase section */

/* Begin PBXSourcesBuildPhase section */
		F35B3F3A2C1DBD3B00351008 /* Sources */ = {
			isa = PBXSourcesBuildPhase;
			buildActionMask = 2147483647;
			files = (
				F3F3FAC82C2DE35400991A3A /* GroupedList.swift in Sources */,
				F3F3FAB72C2D821500991A3A /* TodoListViewModel.swift in Sources */,
				F3F3FADE2C2F32B100991A3A /* View+Extensions.swift in Sources */,
				F3F3FADB2C2F166100991A3A /* ColorPickerSlider.swift in Sources */,
				F3F3FAB52C2D80D500991A3A /* TodoList.swift in Sources */,
				F3F3FAC62C2DD51F00991A3A /* Date+Extensions.swift in Sources */,
				F3F3FAB32C2D7AD600991A3A /* TodoCell.swift in Sources */,
				F3F3FAC12C2DC5E000991A3A /* View+Modifiers.swift in Sources */,
				F3F3FAAF2C2D788200991A3A /* Fonts.swift in Sources */,
				F3F3FACE2C2EBD0F00991A3A /* TodoViewModel.swift in Sources */,
				F3F3FACC2C2EB81A00991A3A /* TodoItem+CSV.swift in Sources */,
				F3F3FAD02C2ED4E300991A3A /* DeleteSwipe.swift in Sources */,
				F3F3FABF2C2DC5B300991A3A /* MarkAsDoneSwipe.swift in Sources */,
				F3F3FABD2C2DC59700991A3A /* InfoSwipe.swift in Sources */,
				F3F3FAD92C2F162200991A3A /* ColorPalette.swift in Sources */,
				F3F3FACA2C2EB81000991A3A /* TodoItem+JSON.swift in Sources */,
				F3F3FAD22C2EF9E200991A3A /* ColorPickerView.swift in Sources */,
				F35B3F512C1DBD6F00351008 /* TodoItem.swift in Sources */,
				F3F3FAD42C2EFDE200991A3A /* Color+Extensions.swift in Sources */,
				F35B3F602C1DD21900351008 /* FileCache.swift in Sources */,
				F3F3FAE02C2F44B900991A3A /* TodoView.swift in Sources */,
				F35B3F422C1DBD3B00351008 /* ToDoApp.swift in Sources */,
			);
			runOnlyForDeploymentPostprocessing = 0;
		};
		F35B3F522C1DBF2300351008 /* Sources */ = {
			isa = PBXSourcesBuildPhase;
			buildActionMask = 2147483647;
			files = (
				F35B3F632C1DFA1D00351008 /* FileCacheTests.swift in Sources */,
				F35B3F592C1DBF2300351008 /* TodoItemTests.swift in Sources */,
			);
			runOnlyForDeploymentPostprocessing = 0;
		};
/* End PBXSourcesBuildPhase section */

/* Begin PBXTargetDependency section */
		F35B3F5B2C1DBF2300351008 /* PBXTargetDependency */ = {
			isa = PBXTargetDependency;
			target = F35B3F3D2C1DBD3B00351008 /* ToDo */;
			targetProxy = F35B3F5A2C1DBF2300351008 /* PBXContainerItemProxy */;
		};
/* End PBXTargetDependency section */

/* Begin XCBuildConfiguration section */
		F35B3F4A2C1DBD3D00351008 /* Debug */ = {
			isa = XCBuildConfiguration;
			buildSettings = {
				ALWAYS_SEARCH_USER_PATHS = NO;
				ASSETCATALOG_COMPILER_GENERATE_SWIFT_ASSET_SYMBOL_EXTENSIONS = YES;
				CLANG_ANALYZER_NONNULL = YES;
				CLANG_ANALYZER_NUMBER_OBJECT_CONVERSION = YES_AGGRESSIVE;
				CLANG_CXX_LANGUAGE_STANDARD = "gnu++20";
				CLANG_ENABLE_MODULES = YES;
				CLANG_ENABLE_OBJC_ARC = YES;
				CLANG_ENABLE_OBJC_WEAK = YES;
				CLANG_WARN_BLOCK_CAPTURE_AUTORELEASING = YES;
				CLANG_WARN_BOOL_CONVERSION = YES;
				CLANG_WARN_COMMA = YES;
				CLANG_WARN_CONSTANT_CONVERSION = YES;
				CLANG_WARN_DEPRECATED_OBJC_IMPLEMENTATIONS = YES;
				CLANG_WARN_DIRECT_OBJC_ISA_USAGE = YES_ERROR;
				CLANG_WARN_DOCUMENTATION_COMMENTS = YES;
				CLANG_WARN_EMPTY_BODY = YES;
				CLANG_WARN_ENUM_CONVERSION = YES;
				CLANG_WARN_INFINITE_RECURSION = YES;
				CLANG_WARN_INT_CONVERSION = YES;
				CLANG_WARN_NON_LITERAL_NULL_CONVERSION = YES;
				CLANG_WARN_OBJC_IMPLICIT_RETAIN_SELF = YES;
				CLANG_WARN_OBJC_LITERAL_CONVERSION = YES;
				CLANG_WARN_OBJC_ROOT_CLASS = YES_ERROR;
				CLANG_WARN_QUOTED_INCLUDE_IN_FRAMEWORK_HEADER = YES;
				CLANG_WARN_RANGE_LOOP_ANALYSIS = YES;
				CLANG_WARN_STRICT_PROTOTYPES = YES;
				CLANG_WARN_SUSPICIOUS_MOVE = YES;
				CLANG_WARN_UNGUARDED_AVAILABILITY = YES_AGGRESSIVE;
				CLANG_WARN_UNREACHABLE_CODE = YES;
				CLANG_WARN__DUPLICATE_METHOD_MATCH = YES;
				COPY_PHASE_STRIP = NO;
				DEBUG_INFORMATION_FORMAT = dwarf;
				ENABLE_STRICT_OBJC_MSGSEND = YES;
				ENABLE_TESTABILITY = YES;
				ENABLE_USER_SCRIPT_SANDBOXING = YES;
				GCC_C_LANGUAGE_STANDARD = gnu17;
				GCC_DYNAMIC_NO_PIC = NO;
				GCC_NO_COMMON_BLOCKS = YES;
				GCC_OPTIMIZATION_LEVEL = 0;
				GCC_PREPROCESSOR_DEFINITIONS = (
					"DEBUG=1",
					"$(inherited)",
				);
				GCC_WARN_64_TO_32_BIT_CONVERSION = YES;
				GCC_WARN_ABOUT_RETURN_TYPE = YES_ERROR;
				GCC_WARN_UNDECLARED_SELECTOR = YES;
				GCC_WARN_UNINITIALIZED_AUTOS = YES_AGGRESSIVE;
				GCC_WARN_UNUSED_FUNCTION = YES;
				GCC_WARN_UNUSED_VARIABLE = YES;
				IPHONEOS_DEPLOYMENT_TARGET = 17.2;
				LOCALIZATION_PREFERS_STRING_CATALOGS = YES;
				MTL_ENABLE_DEBUG_INFO = INCLUDE_SOURCE;
				MTL_FAST_MATH = YES;
				ONLY_ACTIVE_ARCH = YES;
				SDKROOT = iphoneos;
				SWIFT_ACTIVE_COMPILATION_CONDITIONS = "DEBUG $(inherited)";
				SWIFT_OPTIMIZATION_LEVEL = "-Onone";
			};
			name = Debug;
		};
		F35B3F4B2C1DBD3D00351008 /* Release */ = {
			isa = XCBuildConfiguration;
			buildSettings = {
				ALWAYS_SEARCH_USER_PATHS = NO;
				ASSETCATALOG_COMPILER_GENERATE_SWIFT_ASSET_SYMBOL_EXTENSIONS = YES;
				CLANG_ANALYZER_NONNULL = YES;
				CLANG_ANALYZER_NUMBER_OBJECT_CONVERSION = YES_AGGRESSIVE;
				CLANG_CXX_LANGUAGE_STANDARD = "gnu++20";
				CLANG_ENABLE_MODULES = YES;
				CLANG_ENABLE_OBJC_ARC = YES;
				CLANG_ENABLE_OBJC_WEAK = YES;
				CLANG_WARN_BLOCK_CAPTURE_AUTORELEASING = YES;
				CLANG_WARN_BOOL_CONVERSION = YES;
				CLANG_WARN_COMMA = YES;
				CLANG_WARN_CONSTANT_CONVERSION = YES;
				CLANG_WARN_DEPRECATED_OBJC_IMPLEMENTATIONS = YES;
				CLANG_WARN_DIRECT_OBJC_ISA_USAGE = YES_ERROR;
				CLANG_WARN_DOCUMENTATION_COMMENTS = YES;
				CLANG_WARN_EMPTY_BODY = YES;
				CLANG_WARN_ENUM_CONVERSION = YES;
				CLANG_WARN_INFINITE_RECURSION = YES;
				CLANG_WARN_INT_CONVERSION = YES;
				CLANG_WARN_NON_LITERAL_NULL_CONVERSION = YES;
				CLANG_WARN_OBJC_IMPLICIT_RETAIN_SELF = YES;
				CLANG_WARN_OBJC_LITERAL_CONVERSION = YES;
				CLANG_WARN_OBJC_ROOT_CLASS = YES_ERROR;
				CLANG_WARN_QUOTED_INCLUDE_IN_FRAMEWORK_HEADER = YES;
				CLANG_WARN_RANGE_LOOP_ANALYSIS = YES;
				CLANG_WARN_STRICT_PROTOTYPES = YES;
				CLANG_WARN_SUSPICIOUS_MOVE = YES;
				CLANG_WARN_UNGUARDED_AVAILABILITY = YES_AGGRESSIVE;
				CLANG_WARN_UNREACHABLE_CODE = YES;
				CLANG_WARN__DUPLICATE_METHOD_MATCH = YES;
				COPY_PHASE_STRIP = NO;
				DEBUG_INFORMATION_FORMAT = "dwarf-with-dsym";
				ENABLE_NS_ASSERTIONS = NO;
				ENABLE_STRICT_OBJC_MSGSEND = YES;
				ENABLE_USER_SCRIPT_SANDBOXING = YES;
				GCC_C_LANGUAGE_STANDARD = gnu17;
				GCC_NO_COMMON_BLOCKS = YES;
				GCC_WARN_64_TO_32_BIT_CONVERSION = YES;
				GCC_WARN_ABOUT_RETURN_TYPE = YES_ERROR;
				GCC_WARN_UNDECLARED_SELECTOR = YES;
				GCC_WARN_UNINITIALIZED_AUTOS = YES_AGGRESSIVE;
				GCC_WARN_UNUSED_FUNCTION = YES;
				GCC_WARN_UNUSED_VARIABLE = YES;
				IPHONEOS_DEPLOYMENT_TARGET = 17.2;
				LOCALIZATION_PREFERS_STRING_CATALOGS = YES;
				MTL_ENABLE_DEBUG_INFO = NO;
				MTL_FAST_MATH = YES;
				SDKROOT = iphoneos;
				SWIFT_COMPILATION_MODE = wholemodule;
				VALIDATE_PRODUCT = YES;
			};
			name = Release;
		};
		F35B3F4D2C1DBD3D00351008 /* Debug */ = {
			isa = XCBuildConfiguration;
			buildSettings = {
				ASSETCATALOG_COMPILER_APPICON_NAME = AppIcon;
				ASSETCATALOG_COMPILER_GLOBAL_ACCENT_COLOR_NAME = AccentColor;
				CODE_SIGN_STYLE = Automatic;
				CURRENT_PROJECT_VERSION = 1;
				DEVELOPMENT_ASSET_PATHS = "\"ToDo/Preview Content\"";
				DEVELOPMENT_TEAM = 3CS9T7BB6F;
				ENABLE_PREVIEWS = YES;
				GENERATE_INFOPLIST_FILE = YES;
				INFOPLIST_KEY_CFBundleDisplayName = ToDo;
				INFOPLIST_KEY_LSApplicationCategoryType = "public.app-category.productivity";
				INFOPLIST_KEY_UIApplicationSceneManifest_Generation = YES;
				INFOPLIST_KEY_UIApplicationSupportsIndirectInputEvents = YES;
				INFOPLIST_KEY_UILaunchScreen_Generation = YES;
				INFOPLIST_KEY_UISupportedInterfaceOrientations_iPad = "UIInterfaceOrientationPortrait UIInterfaceOrientationPortraitUpsideDown UIInterfaceOrientationLandscapeLeft UIInterfaceOrientationLandscapeRight";
				INFOPLIST_KEY_UISupportedInterfaceOrientations_iPhone = "UIInterfaceOrientationPortrait UIInterfaceOrientationLandscapeLeft UIInterfaceOrientationLandscapeRight";
				LD_RUNPATH_SEARCH_PATHS = (
					"$(inherited)",
					"@executable_path/Frameworks",
				);
				MARKETING_VERSION = 1.0;
				PRODUCT_BUNDLE_IDENTIFIER = com.fanem.ToDo;
				PRODUCT_NAME = "$(TARGET_NAME)";
				SWIFT_EMIT_LOC_STRINGS = YES;
				SWIFT_VERSION = 5.0;
				TARGETED_DEVICE_FAMILY = "1,2";
			};
			name = Debug;
		};
		F35B3F4E2C1DBD3D00351008 /* Release */ = {
			isa = XCBuildConfiguration;
			buildSettings = {
				ASSETCATALOG_COMPILER_APPICON_NAME = AppIcon;
				ASSETCATALOG_COMPILER_GLOBAL_ACCENT_COLOR_NAME = AccentColor;
				CODE_SIGN_STYLE = Automatic;
				CURRENT_PROJECT_VERSION = 1;
				DEVELOPMENT_ASSET_PATHS = "\"ToDo/Preview Content\"";
				DEVELOPMENT_TEAM = 3CS9T7BB6F;
				ENABLE_PREVIEWS = YES;
				GENERATE_INFOPLIST_FILE = YES;
				INFOPLIST_KEY_CFBundleDisplayName = ToDo;
				INFOPLIST_KEY_LSApplicationCategoryType = "public.app-category.productivity";
				INFOPLIST_KEY_UIApplicationSceneManifest_Generation = YES;
				INFOPLIST_KEY_UIApplicationSupportsIndirectInputEvents = YES;
				INFOPLIST_KEY_UILaunchScreen_Generation = YES;
				INFOPLIST_KEY_UISupportedInterfaceOrientations_iPad = "UIInterfaceOrientationPortrait UIInterfaceOrientationPortraitUpsideDown UIInterfaceOrientationLandscapeLeft UIInterfaceOrientationLandscapeRight";
				INFOPLIST_KEY_UISupportedInterfaceOrientations_iPhone = "UIInterfaceOrientationPortrait UIInterfaceOrientationLandscapeLeft UIInterfaceOrientationLandscapeRight";
				LD_RUNPATH_SEARCH_PATHS = (
					"$(inherited)",
					"@executable_path/Frameworks",
				);
				MARKETING_VERSION = 1.0;
				PRODUCT_BUNDLE_IDENTIFIER = com.fanem.ToDo;
				PRODUCT_NAME = "$(TARGET_NAME)";
				SWIFT_EMIT_LOC_STRINGS = YES;
				SWIFT_VERSION = 5.0;
				TARGETED_DEVICE_FAMILY = "1,2";
			};
			name = Release;
		};
		F35B3F5D2C1DBF2300351008 /* Debug */ = {
			isa = XCBuildConfiguration;
			buildSettings = {
				BUNDLE_LOADER = "$(TEST_HOST)";
				CODE_SIGN_STYLE = Automatic;
				CURRENT_PROJECT_VERSION = 1;
				DEVELOPMENT_TEAM = 3CS9T7BB6F;
				GENERATE_INFOPLIST_FILE = YES;
				MARKETING_VERSION = 1.0;
				PRODUCT_BUNDLE_IDENTIFIER = com.fanem.ToDoTests;
				PRODUCT_NAME = "$(TARGET_NAME)";
				SWIFT_EMIT_LOC_STRINGS = NO;
				SWIFT_VERSION = 5.0;
				TARGETED_DEVICE_FAMILY = "1,2";
				TEST_HOST = "$(BUILT_PRODUCTS_DIR)/ToDo.app/$(BUNDLE_EXECUTABLE_FOLDER_PATH)/ToDo";
			};
			name = Debug;
		};
		F35B3F5E2C1DBF2300351008 /* Release */ = {
			isa = XCBuildConfiguration;
			buildSettings = {
				BUNDLE_LOADER = "$(TEST_HOST)";
				CODE_SIGN_STYLE = Automatic;
				CURRENT_PROJECT_VERSION = 1;
				DEVELOPMENT_TEAM = 3CS9T7BB6F;
				GENERATE_INFOPLIST_FILE = YES;
				MARKETING_VERSION = 1.0;
				PRODUCT_BUNDLE_IDENTIFIER = com.fanem.ToDoTests;
				PRODUCT_NAME = "$(TARGET_NAME)";
				SWIFT_EMIT_LOC_STRINGS = NO;
				SWIFT_VERSION = 5.0;
				TARGETED_DEVICE_FAMILY = "1,2";
				TEST_HOST = "$(BUILT_PRODUCTS_DIR)/ToDo.app/$(BUNDLE_EXECUTABLE_FOLDER_PATH)/ToDo";
			};
			name = Release;
		};
/* End XCBuildConfiguration section */

/* Begin XCConfigurationList section */
		F35B3F392C1DBD3B00351008 /* Build configuration list for PBXProject "ToDo" */ = {
			isa = XCConfigurationList;
			buildConfigurations = (
				F35B3F4A2C1DBD3D00351008 /* Debug */,
				F35B3F4B2C1DBD3D00351008 /* Release */,
			);
			defaultConfigurationIsVisible = 0;
			defaultConfigurationName = Release;
		};
		F35B3F4C2C1DBD3D00351008 /* Build configuration list for PBXNativeTarget "ToDo" */ = {
			isa = XCConfigurationList;
			buildConfigurations = (
				F35B3F4D2C1DBD3D00351008 /* Debug */,
				F35B3F4E2C1DBD3D00351008 /* Release */,
			);
			defaultConfigurationIsVisible = 0;
			defaultConfigurationName = Release;
		};
		F35B3F5C2C1DBF2300351008 /* Build configuration list for PBXNativeTarget "ToDoTests" */ = {
			isa = XCConfigurationList;
			buildConfigurations = (
				F35B3F5D2C1DBF2300351008 /* Debug */,
				F35B3F5E2C1DBF2300351008 /* Release */,
			);
			defaultConfigurationIsVisible = 0;
			defaultConfigurationName = Release;
		};
/* End XCConfigurationList section */
	};
	rootObject = F35B3F362C1DBD3B00351008 /* Project object */;
}
